<Solution>
  <Folder Name="/.Solution/">
    <File Path=".github\workflows\build.yml" />
    <File Path=".github\workflows\sync-skills.yml" />
    <File Path="AGENTS.md" />
    <File Path="Build.slnf" />
    <File Path="Directory.Build.props" />
    <File Path="Directory.Build.targets" />
    <File Path="Directory.Packages.props" />
    <File Path="nuget.config" />
    <File Path="nuget.png" />
    <File Path="PLAN.md" />
    <File Path="README.md" />
    <File Path="version.json" />
  </Folder>
  <Project Path="samples/TicTacToe/TicTacToe.csproj" />
  <Project Path="src/Shiny.BluetoothLE.Hubs.Client/Shiny.BluetoothLE.Hubs.Client.csproj" />
  <Project Path="src/Shiny.BluetoothLE.Hubs.Host/Shiny.BluetoothLE.Hubs.Host.csproj" />
  <Project Path="src/Shiny.BluetoothLE.Hubs.SourceGenerators/Shiny.BluetoothLE.Hubs.SourceGenerators.csproj" />
  <Project Path="src/Shiny.BluetoothLE.Hubs/Shiny.BluetoothLE.Hubs.csproj" />
  <Project Path="tests/Shiny.BluetoothLE.Hubs.Tests/Shiny.BluetoothLE.Hubs.Tests.csproj" />
</Solution>
