<Solution>
  <Folder Name="/.Solution/">
    <File Path="Directory.Build.props" />
    <File Path="Directory.Packages.props" />
    <File Path="PLAN.md" />
    <File Path="README.md" />
  </Folder>
  <Project Path="samples/TicTacToe/TicTacToe.csproj" />
  <Project Path="src/Shiny.SmartBle.Client/Shiny.SmartBle.Client.csproj" />
  <Project Path="src/Shiny.SmartBle.Host/Shiny.SmartBle.Host.csproj" />
  <Project Path="src/Shiny.SmartBle.SourceGenerators/Shiny.SmartBle.SourceGenerators.csproj" />
  <Project Path="src/Shiny.SmartBle/Shiny.SmartBle.csproj" />
  <Project Path="tests/Shiny.SmartBle.Tests/Shiny.SmartBle.Tests.csproj" />
</Solution>
